# GENERATED by scripts/lock-apt.sh -- do not edit by hand.
#
# Format: <name>=<version>  # sha256:<digest of the amd64 .deb>
#
# The snapshot in docker/apt-snapshot.lock is the authoritative pin: it
# freezes the full transitive closure.  The versions below pin the
# top-level set explicitly so that a snapshot bump shows up as a
# reviewable diff instead of a silent change.
#
# snapshot: 20260801T000000Z
# suite:    noble
# arch:     amd64
bzip2=1.0.8-5.1build0.1  # sha256:71c02f8f7541a2a57f0f3545ee826ad9778e665c5c457f34aca9e71abdc1a22b
ca-certificates=20260601~24.04.1  # sha256:6bac2a01979e210d9eac1d4d56747ec709ea60654744d66705dc3c36e7629e50
file=1:5.45-3build1  # sha256:17dae1d6e803d0304e318f451c8abf62cbd5bb2a0068300cdeea77c62075b895
fontconfig=2.15.0-1.1ubuntu2  # sha256:ddf0aace42b13a5bc38904e848b145b787ea254cddf5213d150254bd654db6e5
fonts-dejavu-core=2.37-8  # sha256:40049660c194f3b8a2541fc7369efebb10e9f94bdac836a2f38fafedd10fa73a
git=1:2.43.0-1ubuntu7.3  # sha256:099bb129f543adc4c14203334b0fa0a909f8bf038c4d56bc9cc7c774ebf78f87
gzip=1.12-1ubuntu3.2  # sha256:4067522fbffe22672e4cf683bfc32e4a304bc872cf76f10049ab36d1a9eedb91
iproute2=6.1.0-1ubuntu6.4  # sha256:f6c91ec6dba02f8965c88f901205c7db72bc8bf38ef1fdfaaee51030dfa145ea
less=590-2ubuntu2.1  # sha256:f26481c7f5e492e7536f9e75a9aa237f4772b637cdc933f356bc567e180b8a39
libasound2t64=1.2.11-1ubuntu0.3  # sha256:5d17bfb5683eb99f1be951fe48e1be5bf3c52391913b6b74a8aecf9b4f5e779f
libatk-bridge2.0-0t64=2.52.0-1build1  # sha256:22b7d47e3c0f7953a78d3cfd309d1b20771085de9220fbe610c0989b9e808c9b
libatk1.0-0t64=2.52.0-1build1  # sha256:42c5d4b00954f17c2c3c4b866844f691eb8b6d57bf08b59203e65f12dc84a4f9
libcairo2=1.18.0-3build1  # sha256:96950b306889ff6e4248bb937b0a3b56e72dacf643fe732214ce375f0f6bbb36
libcups2t64=2.4.7-1.2ubuntu7.14  # sha256:b815a3d936718614e403035bb4a545e1323305ea624709bff2e9d94c214f9cc4
libdbus-1-3=1.14.10-4ubuntu4.1  # sha256:5d630480f04b4b442300ce847a3fa705ea4d14d80ba6de91f99b51a4e4953b08
libegl1=1.7.0-1build1  # sha256:e549f7776216f7bd3b1c216729fb40a97a562e2eb7c563cde632b4931f9a4e57
libfontconfig1=2.15.0-1.1ubuntu2  # sha256:a2bc05cfef021fdb84285036f98eda5ebec3c4b7a378f5aa2bdba5c4d3d8d586
libfreetype6=2.13.2+dfsg-1ubuntu0.1  # sha256:f6937fd8a77e83001dcfd3857d5a5cfbd4caaeb297c7fdb71ec50514843e48af
libftdi1-2=1.5-6build5  # sha256:e29ff4596879ee6e9a35151bde97e51d1da673a1323ac58358242836d42e1044
libgbm1=25.2.8-0ubuntu0.24.04.2  # sha256:1c0b8daf0130d68de428334ce6d1e11bd11f7369bf9099bbc65ac88117336dc3
libgdk-pixbuf-2.0-0=2.42.10+dfsg-3ubuntu3.3  # sha256:de84e0d777d9c9e39148d8491338e6b8c62bc2d066867266b1643a7a725a86ba
libgl1=1.7.0-1build1  # sha256:e2b2fadeb883f073b566ad1d7874f6702397514d258473e96152a89d4d502a09
libglu1-mesa=9.0.2-1.1build1  # sha256:4288833eebfbf6b00d1ae98159f429e1f7f6398288c9305edeeb185d9ed048d9
libglx-mesa0=25.2.8-0ubuntu0.24.04.2  # sha256:83ff69f8d68c073efd1e1ea66e5709562b677d0e3e17b8bcd65850cab887c4f6
libgomp1=14.2.0-4ubuntu2~24.04.1  # sha256:e8a95ec58125b4933597f30ff56c2ae10edf90f287262e366d4b6edea3019144
libgtk-3-0t64=3.24.41-4ubuntu1.3  # sha256:fd61e308234b12d243160798216d0efcb605d83af185bf3414ac99c2ed5166fc
libice6=2:1.0.10-1build3  # sha256:ad1edb5303574fee154e487947177e5bd15363aa71b92f78f5a2a7145fdb81c5
libncurses6=6.4+20240113-1ubuntu2.1  # sha256:c4d0fd9d7c997f4b13dbfdd9b9a5e14ed0222303ac931f9c2594c6b99696b63d
libncursesw6=6.4+20240113-1ubuntu2.1  # sha256:bc860e63d1f8e653b1d14695ed5e3e8baf88b14c38ba0e6a93c67809a7c116a6
libnspr4=2:4.35-1.1build1  # sha256:e579e72d091f6c7a13f5a756c31065b15aae5b81840d61b069355aa2283c07b4
libnss3=2:3.98-1ubuntu0.2  # sha256:4254f11d782dfb970e78113519a59d440112ed43c4b56f709da0aef81da8651a
libpango-1.0-0=1.52.1+ds-1build1  # sha256:09dfa5c881ab273ec6bc1830adcefdc407fcd619316e68fb26ca3a23d0fc9f54
libsm6=2:1.2.3-1build3  # sha256:1d27ebc381b499075a28c504be4d7d424c63b6866354736ac7f8d25813860cdf
libtinfo6=6.4+20240113-1ubuntu2.1  # sha256:768e43c268e1e49b8dae7a50ed4778d6db88688abf72fdf779641e124c8a9a0b
libusb-1.0-0=2:1.0.27-1  # sha256:d59e679a82ee2b724c556397e831e879936adbe8a007705872b65a5e1ec887b5
libx11-6=2:1.8.7-1build1  # sha256:397f84347476a3c5786b39f3ff6f0f82866eb3d8be6d2ad3efeadf019efe5b80
libx11-xcb1=2:1.8.7-1build1  # sha256:7d0d357e47cd6e1042be34da1d37cea313420b000035e71e855087c8268ab127
libxau6=1:1.0.9-1build6  # sha256:e40d29f1d1a62393bacaedebe0da3d9006084152a9f7e5e029293f08ce1c5c80
libxcb-cursor0=0.1.4-1build1  # sha256:137cf52479b5a9d8c5926d70d311af04be41941a32ee777340d704cc458c06d8
libxcb-dri2-0=1.15-1ubuntu2  # sha256:21543459d0beede87ca815458bcfa717b85cf4d7b2939b3bb2fc0ffc321121ac
libxcb-dri3-0=1.15-1ubuntu2  # sha256:3d3d0e95e56ae16010a84883196b8153cba62d6831f9aaee2a68c46f20c7c004
libxcb-glx0=1.15-1ubuntu2  # sha256:d07cde26c70fe92df7c327928371e495cc4570fed2d6518758a5db5715cb34c1
libxcb-icccm4=0.4.1-1.1build3  # sha256:9e0e349f3904cd5bc07fea45498c4d03527a5d1178edd78555e84fdbd3793708
libxcb-image0=0.4.0-2build1  # sha256:6af300eeef5523aa0d8dbfab3a23c1fe7006ecc19f8abdc5c636d734d7bb5287
libxcb-keysyms1=0.4.0-1build4  # sha256:6c261aae923175b88a032018c530873ffb40f2bf96b045fdda42bd8bc74cb1c3
libxcb-present0=1.15-1ubuntu2  # sha256:2e36e6557e87dbfd64df3143cbf81a4f75c3447501a545b4730511d228b0dd17
libxcb-randr0=1.15-1ubuntu2  # sha256:b5cb519823a05a617b543dc9b6a9289b7648b20048244abe021caa706309835a
libxcb-render-util0=0.3.9-1build4  # sha256:95d895ceb921e38e4edd85555b407b1a0564d8ad097ec7566e261764ce27787b
libxcb-render0=1.15-1ubuntu2  # sha256:7d83a0668b1a693b5ea2e496206e8371fb6beda4c54a2b4b3902005915c272c5
libxcb-shape0=1.15-1ubuntu2  # sha256:ad57fed687ec9c2a4808b8e30ab1753d57daeddc9ad7fb883bfa0701f6da57c8
libxcb-shm0=1.15-1ubuntu2  # sha256:229d1280d459f1ba44c22939d3f9b61d9d20932d9a646b3fe4ce50be4cdf2325
libxcb-sync1=1.15-1ubuntu2  # sha256:14286795a258593259923619073e50c15345673befae2733f7b0577b07359aa8
libxcb-xfixes0=1.15-1ubuntu2  # sha256:0b2ab64af92a71e3d1a35e3c819880ee28d04bfac81360df68ae8d8e9663ebd2
libxcb-xinerama0=1.15-1ubuntu2  # sha256:9fea44960e39646a22139f4daca03c3d26190e0dcecf2300b665ed23ea316b54
libxcb-xkb1=1.15-1ubuntu2  # sha256:53bc0a58834c981fa8ce5c3ab6195387e5c8a417039d82cc7a8b49724fa53228
libxcb1=1.15-1ubuntu2  # sha256:e1c6611d11ad7398326f1bf028afc34c3b14c51d917a3426b966ed4b9687fa58
libxcomposite1=1:0.4.5-1build3  # sha256:a12d5d9ae70b798cbbf284080eae32b87367561fc9c24492f641b8860ac0f308
libxcursor1=1:1.2.1-1build1  # sha256:1a4beee621454e42fe0d2f4e1633611126e43d891f0aec28e4a06744f6e9f04d
libxdamage1=1:1.1.6-1build1  # sha256:6891faf325e996ebd28ef53ebb9c043dc96f67327500490affc3e89d366d35ed
libxdmcp6=1:1.1.3-0ubuntu6  # sha256:bcd336fce11ce2a45f34d0f95e6980af22529f22147e8f98c156e5cee8ee42bb
libxext6=2:1.3.4-1build2  # sha256:45783969a9ece9d7b7b733b8c60981584c53c6bc5ee3b42d295d2f80d1285679
libxfixes3=1:6.0.0-2build1  # sha256:0ee1015cccd063249e01c0cd0bf45f513c8ac9a1e5e485070c12e69192455e4a
libxft2=2.3.6-1build1  # sha256:b4f4f3255c0b8773b260c61cbe20ee7c63799cfc0e4e389fa58375dd480b093a
libxi6=2:1.8.1-1build1  # sha256:0ea7acb5e8a8ce4d6653b30e03a319bfe136db7bfb5ee7cad34c2aa1272ea8d9
libxinerama1=2:1.1.4-3build1  # sha256:c8c93a3efdbb06e314f41bf48af4ca3652e4a3826bab5b9e00887660e619f239
libxkbcommon-x11-0=1.6.0-1build1  # sha256:3befe840ce612ddfc0998d8610c6eed295726722a78e75cd08520bbd75065a23
libxkbcommon0=1.6.0-1build1  # sha256:2b9caeb423efb540296a1cb20b872cc630c23908407ecb5c1c787a617622d664
libxmu6=2:1.1.3-3build2  # sha256:05c13bce0e9a80139dfa72cc8e7a695b4f7d58b1884423929eade62179d99853
libxrandr2=2:1.5.2-2build1  # sha256:f2955a5e594f5724b58ad241d9231ea191cb36574a0d5e5ca6b661cd41d6256d
libxrender1=1:0.9.10-1.1build1  # sha256:d70bd831aebe8d4834b5dd2ed98df26dd6bd27f1042c47543bd7f66df1ae22ea
libxss1=1:1.2.3-1build3  # sha256:0ac60a2cc034ccc4bf4e2f846f38110469d7ae43b47e808d67aafc538bc3695e
libxtst6=2:1.2.3-1.1build1  # sha256:632d74c760f0a4e844c499e7bc1eca4c709aa096fde783a7a6807604aef77545
locales=2.39-0ubuntu8.8  # sha256:cdd2d347a357da6b9b1f2bd9e08c10a2a3a4686fad050791d30915d0ce0bb506
lsb-release=12.0-2  # sha256:0ae566092f2d6f3000ce25a7a68497a97b637abf8dc25cbdf961c8ee66e562a7
make=4.3-4.1build2  # sha256:1fe6a815b56c7b6e9ce4086a363f09444bbd0a0d30e230c453d0b78e44b57a99
net-tools=2.10-0.1ubuntu4.4  # sha256:548d7a207200d6712c9b8d0525d5eace23ef8b36415b0fe6522cfe890bc817e5
passwd=1:4.13+dfsg1-4ubuntu3.2  # sha256:139b51228c8065eefa3051f649d8480eb986f1cf629448e49d2eaf9813318412
procps=2:4.0.4-4ubuntu3.2  # sha256:73166776dc49e148f5c05813171fbc5db5703e7a1e981329b63bd201abc10f42
psmisc=23.7-1build1  # sha256:ae75f0d70fe6a6a9fe614aa2c90324e79866de14120cd7580a578eb3fac2079e
python3=3.12.3-0ubuntu2.1  # sha256:e691b9cc40841c41bbdc50bd794c876cb1b1801306ea27b06e9a1458180df1e9
tar=1.35+dfsg-3ubuntu0.4  # sha256:fdf41a87936824e50c8ac11b0b22d1395aeb0754feef2dae5575b5d5a93793ec
tcl=8.6.14build1  # sha256:4f3faeee46c154ffa5f94383120443a2ba3f9aae30a6ea49ad08e4488d2a8d3f
tzdata=2026c-0ubuntu0.24.04.1  # sha256:ef12c9ef81905b5ac558504b2f8c20da9be5f28861020b3fb5e8b15fb3fae2f6
unzip=6.0-28ubuntu4.1  # sha256:a505b9d491386167bd8e14e3383315a4a7d6539e4406745901ccf009a7988271
usbutils=1:017-3build1  # sha256:7ea68d1bc78e1bde05d99832bacadb1d5df1d30a758617032d44344ab4698fc6
x11-utils=7.7+6build2  # sha256:ffcc681f98ad4bd1857456f09c5464b5bdcb95a1162582899b2d93abaf361c74
x11vnc=0.9.16-10  # sha256:d06a915a3cf2cb590c7b8dbc331a1c061d2bbd33d01923c3db3f5cda29a08e81
xauth=1:1.1.2-1build1  # sha256:037e70571f39384e28c4ad0db07b44de11f0911ee6c02445560979b417012650
xvfb=2:21.1.12-1ubuntu1.6  # sha256:9188c2ab6394dfe6aa53f782f6bfa22b7eb6febfe51a48e0e36af35cd2f64307
xz-utils=5.6.1+really5.4.5-1ubuntu0.3  # sha256:778edae086bc8f34d80f36f301bc8fb3eff2d906c146dfb533ea6840b6d64e00
zip=3.0-13ubuntu0.2  # sha256:30b325b542ef8e9a22a5e1e1cfce8c4f4b75db73e339e76bf405b635861f1f76
