# GENERATED by scripts/lock-images.sh -- do not edit by hand.
#
# Format: <key>|<reference>@<digest>
#
# Every FROM in docker/Dockerfile and every image the CLI pulls resolves
# through this file.  Tags are mutable; digests are not.
base|ubuntu:24.04@sha256:33ceb71981b602c1a7443a53469e4dba065f7503eab3078a2d7a57a2ab987517
